Microsoft Visual Studio Solution File, Format Version 12.00
# Visual Studio Version 17
VisualStudioVersion = 17.5.2.0
MinimumVisualStudioVersion = 10.0.40219.1
Project("{FAE04EC0-301F-11D3-BF4B-00C04F79EFBC}") = "EcoRoute", "EcoRoute.csproj", "{8279452D-E795-B319-C854-4412D12AAF1B}"
EndProject
Global
	GlobalSection(SolutionConfigurationPlatforms) = preSolution
		Debug|Any CPU = Debug|Any CPU
		Release|Any CPU = Release|Any CPU
	EndGlobalSection
	GlobalSection(ProjectConfigurationPlatforms) = postSolution
		{8279452D-E795-B319-C854-4412D12AAF1B}.Debug|Any CPU.ActiveCfg = Debug|Any CPU
		{8279452D-E795-B319-C854-4412D12AAF1B}.Debug|Any CPU.Build.0 = Debug|Any CPU
		{8279452D-E795-B319-C854-4412D12AAF1B}.Release|Any CPU.ActiveCfg = Release|Any CPU
		{8279452D-E795-B319-C854-4412D12AAF1B}.Release|Any CPU.Build.0 = Release|Any CPU
	EndGlobalSection
	GlobalSection(SolutionProperties) = preSolution
		HideSolutionNode = FALSE
	EndGlobalSection
	GlobalSection(ExtensibilityGlobals) = postSolution
		SolutionGuid = {6658B011-06DC-4734-BDC8-4DE3265DE950}
	EndGlobalSection
EndGlobal
